<?xml version="1.0" encoding="utf-8"?>
<Project ToolsVersion="4.0" xmlns="http://schemas.microsoft.com/developer/msbuild/2003">
  <ItemGroup>
    <ClCompile Include="..\..\..\src\Engine\Core\Application.cpp" />
    <ClCompile Include="..\..\..\src\Engine\Core\Core.cpp" />
    <ClCompile Include="..\..\..\src\Engine\Core\Clock.cpp" />
    <ClCompile Include="..\..\..\src\Engine\Core\InputSystem\InputManager.cpp">
      <Filter>InputSystem</Filter>
    </ClCompile>
    <ClCompile Include="..\..\..\src\Engine\Core\InputSystem\InputListenerChain.cpp">
      <Filter>InputSystem</Filter>
    </ClCompile>
    <ClCompile Include="..\..\..\src\Engine\Core\LowLevel\Quat.cpp">
      <Filter>LowLevel</Filter>
    </ClCompile>
    <ClCompile Include="..\..\..\src\Engine\Core\LowLevel\Vec3.cpp">
      <Filter>LowLevel</Filter>
    </ClCompile>
  </ItemGroup>
  <ItemGroup>
    <ClInclude Include="..\..\..\src\Engine\Core\Application.h" />
    <ClInclude Include="..\..\..\src\Engine\Core\Core.h" />
    <ClInclude Include="..\..\..\src\Engine\Core\Clock.h" />
    <ClInclude Include="..\..\..\src\Engine\Core\InputSystem\InputEvent.h">
      <Filter>InputSystem</Filter>
    </ClInclude>
    <ClInclude Include="..\..\..\src\Engine\Core\InputSystem\InputListener.h">
      <Filter>InputSystem</Filter>
    </ClInclude>
    <ClInclude Include="..\..\..\src\Engine\Core\InputSystem\InputManager.h">
      <Filter>InputSystem</Filter>
    </ClInclude>
    <ClInclude Include="..\..\..\src\Engine\Core\InputSystem\InputListenerChain.h">
      <Filter>InputSystem</Filter>
    </ClInclude>
    <ClInclude Include="..\..\..\src\Engine\Core\LowLevel\Singleton.h">
      <Filter>LowLevel</Filter>
    </ClInclude>
    <ClInclude Include="..\..\..\src\Engine\Core\LowLevel\STLHeaders.h">
      <Filter>LowLevel</Filter>
    </ClInclude>
    <ClInclude Include="..\..\..\src\Engine\Core\LowLevel\Quat.h">
      <Filter>LowLevel</Filter>
    </ClInclude>
    <ClInclude Include="..\..\..\src\Engine\Core\LowLevel\Vec3.h">
      <Filter>LowLevel</Filter>
    </ClInclude>
  </ItemGroup>
  <ItemGroup>
    <Filter Include="InputSystem">
      <UniqueIdentifier>{d903ec71-8be4-4195-ac20-a3c3cbe40285}</UniqueIdentifier>
    </Filter>
    <Filter Include="LowLevel">
      <UniqueIdentifier>{619a5180-0bf5-4df9-bac0-aba0c5d67668}</UniqueIdentifier>
    </Filter>
  </ItemGroup>
</Project>