
Microsoft Visual Studio Solution File, Format Version 12.00
# Visual Studio Version 16
VisualStudioVersion = 16.0.30309.148
MinimumVisualStudioVersion = 10.0.40219.1
Project("{8BC9CEB8-8B4A-11D0-8D11-00A0C91BC942}") = "Sandbox", "prj\Sandbox\Sandbox.vcxproj", "{98F938DB-FF6C-4B1A-B1E8-1BA74D8D6E08}"
EndProject
Project("{8BC9CEB8-8B4A-11D0-8D11-00A0C91BC942}") = "Core", "prj\Engine\Core\Core.vcxproj", "{C148D3AE-5F64-443B-A75D-E998BF9BFD27}"
EndProject
Project("{8BC9CEB8-8B4A-11D0-8D11-00A0C91BC942}") = "InputSystem", "prj\Engine\InputSystem\InputSystem.vcxproj", "{0D38869B-77AF-4630-8C46-323C2936F67E}"
EndProject
Project("{8BC9CEB8-8B4A-11D0-8D11-00A0C91BC942}") = "RenderSystem", "prj\Engine\RenderSystem\RenderSystem.vcxproj", "{E0A7C2DC-AC5C-44E1-B33B-34C086C62568}"
EndProject
Global
	GlobalSection(SolutionConfigurationPlatforms) = preSolution
		Debug|x64 = Debug|x64
		Debug|x86 = Debug|x86
		Release|x64 = Release|x64
		Release|x86 = Release|x86
	EndGlobalSection
	GlobalSection(ProjectConfigurationPlatforms) = postSolution
		{98F938DB-FF6C-4B1A-B1E8-1BA74D8D6E08}.Debug|x64.ActiveCfg = Debug|x64
		{98F938DB-FF6C-4B1A-B1E8-1BA74D8D6E08}.Debug|x64.Build.0 = Debug|x64
		{98F938DB-FF6C-4B1A-B1E8-1BA74D8D6E08}.Debug|x86.ActiveCfg = Debug|Win32
		{98F938DB-FF6C-4B1A-B1E8-1BA74D8D6E08}.Debug|x86.Build.0 = Debug|Win32
		{98F938DB-FF6C-4B1A-B1E8-1BA74D8D6E08}.Release|x64.ActiveCfg = Release|x64
		{98F938DB-FF6C-4B1A-B1E8-1BA74D8D6E08}.Release|x64.Build.0 = Release|x64
		{98F938DB-FF6C-4B1A-B1E8-1BA74D8D6E08}.Release|x86.ActiveCfg = Release|Win32
		{98F938DB-FF6C-4B1A-B1E8-1BA74D8D6E08}.Release|x86.Build.0 = Release|Win32
		{C148D3AE-5F64-443B-A75D-E998BF9BFD27}.Debug|x64.ActiveCfg = Debug|x64
		{C148D3AE-5F64-443B-A75D-E998BF9BFD27}.Debug|x64.Build.0 = Debug|x64
		{C148D3AE-5F64-443B-A75D-E998BF9BFD27}.Debug|x86.ActiveCfg = Debug|Win32
		{C148D3AE-5F64-443B-A75D-E998BF9BFD27}.Debug|x86.Build.0 = Debug|Win32
		{C148D3AE-5F64-443B-A75D-E998BF9BFD27}.Release|x64.ActiveCfg = Release|x64
		{C148D3AE-5F64-443B-A75D-E998BF9BFD27}.Release|x64.Build.0 = Release|x64
		{C148D3AE-5F64-443B-A75D-E998BF9BFD27}.Release|x86.ActiveCfg = Release|Win32
		{C148D3AE-5F64-443B-A75D-E998BF9BFD27}.Release|x86.Build.0 = Release|Win32
		{0D38869B-77AF-4630-8C46-323C2936F67E}.Debug|x64.ActiveCfg = Debug|x64
		{0D38869B-77AF-4630-8C46-323C2936F67E}.Debug|x64.Build.0 = Debug|x64
		{0D38869B-77AF-4630-8C46-323C2936F67E}.Debug|x86.ActiveCfg = Debug|Win32
		{0D38869B-77AF-4630-8C46-323C2936F67E}.Debug|x86.Build.0 = Debug|Win32
		{0D38869B-77AF-4630-8C46-323C2936F67E}.Release|x64.ActiveCfg = Release|x64
		{0D38869B-77AF-4630-8C46-323C2936F67E}.Release|x64.Build.0 = Release|x64
		{0D38869B-77AF-4630-8C46-323C2936F67E}.Release|x86.ActiveCfg = Release|Win32
		{0D38869B-77AF-4630-8C46-323C2936F67E}.Release|x86.Build.0 = Release|Win32
		{E0A7C2DC-AC5C-44E1-B33B-34C086C62568}.Debug|x64.ActiveCfg = Debug|x64
		{E0A7C2DC-AC5C-44E1-B33B-34C086C62568}.Debug|x64.Build.0 = Debug|x64
		{E0A7C2DC-AC5C-44E1-B33B-34C086C62568}.Debug|x86.ActiveCfg = Debug|Win32
		{E0A7C2DC-AC5C-44E1-B33B-34C086C62568}.Debug|x86.Build.0 = Debug|Win32
		{E0A7C2DC-AC5C-44E1-B33B-34C086C62568}.Release|x64.ActiveCfg = Release|x64
		{E0A7C2DC-AC5C-44E1-B33B-34C086C62568}.Release|x64.Build.0 = Release|x64
		{E0A7C2DC-AC5C-44E1-B33B-34C086C62568}.Release|x86.ActiveCfg = Release|Win32
		{E0A7C2DC-AC5C-44E1-B33B-34C086C62568}.Release|x86.Build.0 = Release|Win32
	EndGlobalSection
	GlobalSection(SolutionProperties) = preSolution
		HideSolutionNode = FALSE
	EndGlobalSection
	GlobalSection(ExtensibilityGlobals) = postSolution
		SolutionGuid = {0192BDF0-79B3-497E-AF58-04AF1D26389F}
	EndGlobalSection
EndGlobal
