<?xml version="1.0" encoding="utf-8"?>
<Project ToolsVersion="4.0" xmlns="http://schemas.microsoft.com/developer/msbuild/2003">
  <ItemGroup>
    <ClCompile Include="..\..\src\Sandbox\Main.cpp" />
    <ClCompile Include="..\..\src\Sandbox\MyTestApp.cpp" />
  </ItemGroup>
  <ItemGroup>
    <ClInclude Include="..\..\src\Sandbox\MyTestApp.h" />
  </ItemGroup>
</Project>